
Microsoft Visual Studio Solution File, Format Version 12.00
# Visual Studio 14
VisualStudioVersion = 14.0.23107.0
MinimumVisualStudioVersion = 10.0.40219.1
Project("{FAE04EC0-301F-11D3-BF4B-00C04F79EFBC}") = "CAIRO.ElasticEmail", "CAIRO.ElasticEmail\CAIRO.ElasticEmail.csproj", "{76C2AC2D-A580-4735-B147-737373B490ED}"
EndProject
Project("{FAE04EC0-301F-11D3-BF4B-00C04F79EFBC}") = "CAIRO.ElasticEmail.Tests", "CAIRO.ElasticEmail.Tests\CAIRO.ElasticEmail.Tests.csproj", "{AA7FE807-8C23-43AD-A6C7-144932DCD21D}"
EndProject
Global
	GlobalSection(SolutionConfigurationPlatforms) = preSolution
		Debug|Any CPU = Debug|Any CPU
		Release|Any CPU = Release|Any CPU
	EndGlobalSection
	GlobalSection(ProjectConfigurationPlatforms) = postSolution
		{76C2AC2D-A580-4735-B147-737373B490ED}.Debug|Any CPU.ActiveCfg = Debug|Any CPU
		{76C2AC2D-A580-4735-B147-737373B490ED}.Debug|Any CPU.Build.0 = Debug|Any CPU
		{76C2AC2D-A580-4735-B147-737373B490ED}.Release|Any CPU.ActiveCfg = Release|Any CPU
		{76C2AC2D-A580-4735-B147-737373B490ED}.Release|Any CPU.Build.0 = Release|Any CPU
		{AA7FE807-8C23-43AD-A6C7-144932DCD21D}.Debug|Any CPU.ActiveCfg = Debug|Any CPU
		{AA7FE807-8C23-43AD-A6C7-144932DCD21D}.Debug|Any CPU.Build.0 = Debug|Any CPU
		{AA7FE807-8C23-43AD-A6C7-144932DCD21D}.Release|Any CPU.ActiveCfg = Release|Any CPU
		{AA7FE807-8C23-43AD-A6C7-144932DCD21D}.Release|Any CPU.Build.0 = Release|Any CPU
	EndGlobalSection
	GlobalSection(SolutionProperties) = preSolution
		HideSolutionNode = FALSE
	EndGlobalSection
EndGlobal
